
Microsoft Visual Studio Solution File, Format Version 12.00
# Visual Studio Version 17
VisualStudioVersion = 17.14.36811.4
MinimumVisualStudioVersion = 10.0.40219.1
Project("{2150E333-8FDC-42A3-9474-1A3956D46DE8}") = "Task1", "Task1", "{02EA681E-C7D8-13C7-8484-4AC65E1B71E8}"
EndProject
Project("{2150E333-8FDC-42A3-9474-1A3956D46DE8}") = "Task0", "Task0", "{7CDA848A-B9B1-4A4E-9839-B33691A61E41}"
EndProject
Project("{FAE04EC0-301F-11D3-BF4B-00C04F79EFBC}") = "Tyuiu.PyrkinAA.Sprint6.Task1.V8.Test", "Tyuiu.PyrkinAA.Sprint6.Task1.V8.Test\Tyuiu.PyrkinAA.Sprint6.Task1.V8.Test.csproj", "{7D45271A-D6CF-41F2-B73A-E0145F4A82A8}"
EndProject
Project("{FAE04EC0-301F-11D3-BF4B-00C04F79EFBC}") = "Tyuiu.PyrkinAA.Sprint6.Task1.V8.Lib", "Tyuiu.PyrkinAA.Sprint6.Task1.V8.Lib\Tyuiu.PyrkinAA.Sprint6.Task1.V8.Lib.csproj", "{514F1596-2323-4F7B-819D-A9BC304F7FDF}"
EndProject
Project("{FAE04EC0-301F-11D3-BF4B-00C04F79EFBC}") = "Tyuiu.PyrkinAA.Sprint6.Task1.V8", "Tyuiu.PyrkinAA.Sprint6.Task1.V8\Tyuiu.PyrkinAA.Sprint6.Task1.V8.csproj", "{665E2834-5DC8-456E-9405-6DD890149D20}"
EndProject
Project("{FAE04EC0-301F-11D3-BF4B-00C04F79EFBC}") = "Tyuiu.PyrkinAA.Sprint6.Task0.V27.Lib", "Tyuiu.PyrkinAA.Sprint6.Task0.V27.Lib\Tyuiu.PyrkinAA.Sprint6.Task0.V27.Lib.csproj", "{80D3DA0D-DB3F-44CF-8634-14A29F952355}"
EndProject
Project("{FAE04EC0-301F-11D3-BF4B-00C04F79EFBC}") = "Tyuiu.PyrkinAA.Sprint6.Task0.V27.Test", "Tyuiu.PyrkinAA.Sprint6.Task0.V27.Test\Tyuiu.PyrkinAA.Sprint6.Task0.V27.Test.csproj", "{BA7BC21D-240D-49FB-AD1D-0E53F6426363}"
EndProject
Project("{FAE04EC0-301F-11D3-BF4B-00C04F79EFBC}") = "Tyuiu.PyrkinAA.Sprint6.Task0.V27", "Tyuiu.PyrkinAA.Sprint6.Task0.V27\Tyuiu.PyrkinAA.Sprint6.Task0.V27.csproj", "{8DA039B7-C1CE-4C4C-8C2F-3FAE20C197BE}"
EndProject
Project("{2150E333-8FDC-42A3-9474-1A3956D46DE8}") = "Task2", "Task2", "{664DEB55-30D9-4F67-8493-8FAA5F9BF0CE}"
EndProject
Project("{FAE04EC0-301F-11D3-BF4B-00C04F79EFBC}") = "Tyuiu.PyrkinAA.Sprint6.Task2.V8.Lib", "Tyuiu.PyrkinAA.Sprint6.Task2.V8.Lib\Tyuiu.PyrkinAA.Sprint6.Task2.V8.Lib.csproj", "{88321ECC-DCB8-44E1-999F-40EDD53CD359}"
EndProject
Project("{FAE04EC0-301F-11D3-BF4B-00C04F79EFBC}") = "Tyuiu.PyrkinAA.Sprint6.Task2.V8.Test", "Tyuiu.PyrkinAA.Sprint6.Task2.V8.Test\Tyuiu.PyrkinAA.Sprint6.Task2.V8.Test.csproj", "{E6ABA32E-E0C2-4006-9A7D-C13DC940F97B}"
EndProject
Project("{FAE04EC0-301F-11D3-BF4B-00C04F79EFBC}") = "Tyuiu.PyrkinAA.Sprint6.Task2.V8", "Tyuiu.PyrkinAA.Sprint6.Task2.V8\Tyuiu.PyrkinAA.Sprint6.Task2.V8.csproj", "{E7876B22-C0AF-4943-BE37-0BC1F0A214F6}"
EndProject
Project("{2150E333-8FDC-42A3-9474-1A3956D46DE8}") = "Task3", "Task3", "{E21BB19C-71E7-465B-A29E-DC10AA043887}"
EndProject
Project("{FAE04EC0-301F-11D3-BF4B-00C04F79EFBC}") = "Tyuiu.PyrkinAA.Sprint6.Task3.V27.Test", "Tyuiu.PyrkinAA.Sprint6.Task3.V27.Test\Tyuiu.PyrkinAA.Sprint6.Task3.V27.Test.csproj", "{0FE47287-530D-448A-8194-D3CA8A777C4B}"
EndProject
Project("{FAE04EC0-301F-11D3-BF4B-00C04F79EFBC}") = "Tyuiu.PyrkinAA.Sprint6.Task3.V27", "Tyuiu.PyrkinAA.Sprint6.Task3.V27\Tyuiu.PyrkinAA.Sprint6.Task3.V27.csproj", "{68F44FBC-8D30-4F3B-B1F3-3159BA241AAB}"
EndProject
Project("{FAE04EC0-301F-11D3-BF4B-00C04F79EFBC}") = "Tyuiu.PyrkinAA.Sprint6.Task3.V27.Lib", "Tyuiu.PyrkinAA.Sprint6.Task3.V27.Lib\Tyuiu.PyrkinAA.Sprint6.Task3.V27.Lib.csproj", "{6534001C-844A-4040-9050-4DD6E9CBDE68}"
EndProject
Project("{2150E333-8FDC-42A3-9474-1A3956D46DE8}") = "Task4", "Task4", "{DB2D375B-2DC8-460C-AF12-D164126BE34A}"
EndProject
Project("{FAE04EC0-301F-11D3-BF4B-00C04F79EFBC}") = "Tyuiu.PyrkinAA.Sprint6.Task4.V27", "Tyuiu.PyrkinAA.Sprint6.Task4.V27\Tyuiu.PyrkinAA.Sprint6.Task4.V27.csproj", "{386F1406-6DD0-4D90-8351-943D1656626D}"
EndProject
Project("{FAE04EC0-301F-11D3-BF4B-00C04F79EFBC}") = "Tyuiu.PyrkinAA.Sprint6.Task4.V27.Test", "Tyuiu.PyrkinAA.Sprint6.Task4.V27.Test\Tyuiu.PyrkinAA.Sprint6.Task4.V27.Test.csproj", "{2ABFF628-67A0-4E54-93E4-4DBD4A6F28A6}"
EndProject
Project("{FAE04EC0-301F-11D3-BF4B-00C04F79EFBC}") = "Tyuiu.PyrkinAA.Sprint6.Task4.V27.Lib", "Tyuiu.PyrkinAA.Sprint6.Task4.V27.Lib\Tyuiu.PyrkinAA.Sprint6.Task4.V27.Lib.csproj", "{6402504E-301C-4DCF-8E35-11B1FEB41435}"
EndProject
Project("{2150E333-8FDC-42A3-9474-1A3956D46DE8}") = "Task5", "Task5", "{BAABCD57-7731-4646-A7DB-39EA816F297E}"
EndProject
Project("{FAE04EC0-301F-11D3-BF4B-00C04F79EFBC}") = "Tyuiu.PyrkinAA.Sprint6.Task5.V9", "Tyuiu.PyrkinAA.Sprint6.Task5.V9\Tyuiu.PyrkinAA.Sprint6.Task5.V9.csproj", "{5464F09B-8D32-49F7-B316-C589D506672E}"
EndProject
Project("{FAE04EC0-301F-11D3-BF4B-00C04F79EFBC}") = "Tyuiu.PyrkinAA.Sprint6.Task5.V9.Lib", "Tyuiu.PyrkinAA.Sprint6.Task5.V9.Lib\Tyuiu.PyrkinAA.Sprint6.Task5.V9.Lib.csproj", "{CCAF8904-4246-4353-B83A-274F266EBD13}"
EndProject
Project("{FAE04EC0-301F-11D3-BF4B-00C04F79EFBC}") = "Tyuiu.PyrkinAA.Sprint6.Task5.V9.Test", "Tyuiu.PyrkinAA.Sprint6.Task5.V9.Test\Tyuiu.PyrkinAA.Sprint6.Task5.V9.Test.csproj", "{9A17EDBD-C10F-4B0E-B0B0-8349E1E4EBB6}"
EndProject
Project("{2150E333-8FDC-42A3-9474-1A3956D46DE8}") = "Task6", "Task6", "{7DA8B53C-7BF1-4776-8D70-A63CC415CF35}"
EndProject
Project("{FAE04EC0-301F-11D3-BF4B-00C04F79EFBC}") = "Tyuiu.PyrkinAA.Sprint6.Task6.V5.Lib", "Tyuiu.PyrkinAA.Sprint6.Task6.V5.Lib\Tyuiu.PyrkinAA.Sprint6.Task6.V5.Lib.csproj", "{CCDDC0E8-2692-480C-BDBE-C012E5A51310}"
EndProject
Project("{FAE04EC0-301F-11D3-BF4B-00C04F79EFBC}") = "Tyuiu.PyrkinAA.Sprint6.Task6.V5.Test", "Tyuiu.PyrkinAA.Sprint6.Task6.V5.Test\Tyuiu.PyrkinAA.Sprint6.Task6.V5.Test.csproj", "{DF52C548-1827-49FA-BE62-F80E9ABF7594}"
EndProject
Project("{FAE04EC0-301F-11D3-BF4B-00C04F79EFBC}") = "Tyuiu.PyrkinAA.Sprint6.Task6.V5", "Tyuiu.PyrkinAA.Sprint6.Task6.V5\Tyuiu.PyrkinAA.Sprint6.Task6.V5.csproj", "{BF6B242E-0645-44C3-BB98-A39F325DA82A}"
EndProject
Project("{2150E333-8FDC-42A3-9474-1A3956D46DE8}") = "Task7", "Task7", "{48F39F68-8643-440D-8411-17A6A7E15008}"
EndProject
Project("{FAE04EC0-301F-11D3-BF4B-00C04F79EFBC}") = "Tyuiu.PyrkinAA.Sprint6.Task7.V25", "Tyuiu.PyrkinAA.Sprint6.Task7.V25\Tyuiu.PyrkinAA.Sprint6.Task7.V25.csproj", "{9353BB7E-1287-4F06-95CD-AA3F7A178384}"
EndProject
Project("{FAE04EC0-301F-11D3-BF4B-00C04F79EFBC}") = "Tyuiu.PyrkinAA.Sprint6.Task7.V25.Test", "Tyuiu.PyrkinAA.Sprint6.Task7.V25.Test\Tyuiu.PyrkinAA.Sprint6.Task7.V25.Test.csproj", "{11E06018-46E8-4712-8B12-FEC0CACDE11E}"
EndProject
Project("{FAE04EC0-301F-11D3-BF4B-00C04F79EFBC}") = "Tyuiu.PyrkinAA.Sprint6.Task7.V25.Lib", "Tyuiu.PyrkinAA.Sprint6.Task7.V25.Lib\Tyuiu.PyrkinAA.Sprint6.Task7.V25.Lib.csproj", "{C907B0DD-3B9F-45FF-990C-1A0229EE135A}"
EndProject
Global
	GlobalSection(SolutionConfigurationPlatforms) = preSolution
		Debug|Any CPU = Debug|Any CPU
		Release|Any CPU = Release|Any CPU
	EndGlobalSection
	GlobalSection(ProjectConfigurationPlatforms) = postSolution
		{7D45271A-D6CF-41F2-B73A-E0145F4A82A8}.Debug|Any CPU.ActiveCfg = Debug|Any CPU
		{7D45271A-D6CF-41F2-B73A-E0145F4A82A8}.Debug|Any CPU.Build.0 = Debug|Any CPU
		{7D45271A-D6CF-41F2-B73A-E0145F4A82A8}.Release|Any CPU.ActiveCfg = Release|Any CPU
		{7D45271A-D6CF-41F2-B73A-E0145F4A82A8}.Release|Any CPU.Build.0 = Release|Any CPU
		{514F1596-2323-4F7B-819D-A9BC304F7FDF}.Debug|Any CPU.ActiveCfg = Debug|Any CPU
		{514F1596-2323-4F7B-819D-A9BC304F7FDF}.Debug|Any CPU.Build.0 = Debug|Any CPU
		{514F1596-2323-4F7B-819D-A9BC304F7FDF}.Release|Any CPU.ActiveCfg = Release|Any CPU
		{514F1596-2323-4F7B-819D-A9BC304F7FDF}.Release|Any CPU.Build.0 = Release|Any CPU
		{665E2834-5DC8-456E-9405-6DD890149D20}.Debug|Any CPU.ActiveCfg = Debug|Any CPU
		{665E2834-5DC8-456E-9405-6DD890149D20}.Debug|Any CPU.Build.0 = Debug|Any CPU
		{665E2834-5DC8-456E-9405-6DD890149D20}.Release|Any CPU.ActiveCfg = Release|Any CPU
		{665E2834-5DC8-456E-9405-6DD890149D20}.Release|Any CPU.Build.0 = Release|Any CPU
		{80D3DA0D-DB3F-44CF-8634-14A29F952355}.Debug|Any CPU.ActiveCfg = Debug|Any CPU
		{80D3DA0D-DB3F-44CF-8634-14A29F952355}.Debug|Any CPU.Build.0 = Debug|Any CPU
		{80D3DA0D-DB3F-44CF-8634-14A29F952355}.Release|Any CPU.ActiveCfg = Release|Any CPU
		{80D3DA0D-DB3F-44CF-8634-14A29F952355}.Release|Any CPU.Build.0 = Release|Any CPU
		{BA7BC21D-240D-49FB-AD1D-0E53F6426363}.Debug|Any CPU.ActiveCfg = Debug|Any CPU
		{BA7BC21D-240D-49FB-AD1D-0E53F6426363}.Debug|Any CPU.Build.0 = Debug|Any CPU
		{BA7BC21D-240D-49FB-AD1D-0E53F6426363}.Release|Any CPU.ActiveCfg = Release|Any CPU
		{BA7BC21D-240D-49FB-AD1D-0E53F6426363}.Release|Any CPU.Build.0 = Release|Any CPU
		{8DA039B7-C1CE-4C4C-8C2F-3FAE20C197BE}.Debug|Any CPU.ActiveCfg = Debug|Any CPU
		{8DA039B7-C1CE-4C4C-8C2F-3FAE20C197BE}.Debug|Any CPU.Build.0 = Debug|Any CPU
		{8DA039B7-C1CE-4C4C-8C2F-3FAE20C197BE}.Release|Any CPU.ActiveCfg = Release|Any CPU
		{8DA039B7-C1CE-4C4C-8C2F-3FAE20C197BE}.Release|Any CPU.Build.0 = Release|Any CPU
		{88321ECC-DCB8-44E1-999F-40EDD53CD359}.Debug|Any CPU.ActiveCfg = Debug|Any CPU
		{88321ECC-DCB8-44E1-999F-40EDD53CD359}.Debug|Any CPU.Build.0 = Debug|Any CPU
		{88321ECC-DCB8-44E1-999F-40EDD53CD359}.Release|Any CPU.ActiveCfg = Release|Any CPU
		{88321ECC-DCB8-44E1-999F-40EDD53CD359}.Release|Any CPU.Build.0 = Release|Any CPU
		{E6ABA32E-E0C2-4006-9A7D-C13DC940F97B}.Debug|Any CPU.ActiveCfg = Debug|Any CPU
		{E6ABA32E-E0C2-4006-9A7D-C13DC940F97B}.Debug|Any CPU.Build.0 = Debug|Any CPU
		{E6ABA32E-E0C2-4006-9A7D-C13DC940F97B}.Release|Any CPU.ActiveCfg = Release|Any CPU
		{E6ABA32E-E0C2-4006-9A7D-C13DC940F97B}.Release|Any CPU.Build.0 = Release|Any CPU
		{E7876B22-C0AF-4943-BE37-0BC1F0A214F6}.Debug|Any CPU.ActiveCfg = Debug|Any CPU
		{E7876B22-C0AF-4943-BE37-0BC1F0A214F6}.Debug|Any CPU.Build.0 = Debug|Any CPU
		{E7876B22-C0AF-4943-BE37-0BC1F0A214F6}.Release|Any CPU.ActiveCfg = Release|Any CPU
		{E7876B22-C0AF-4943-BE37-0BC1F0A214F6}.Release|Any CPU.Build.0 = Release|Any CPU
		{0FE47287-530D-448A-8194-D3CA8A777C4B}.Debug|Any CPU.ActiveCfg = Debug|Any CPU
		{0FE47287-530D-448A-8194-D3CA8A777C4B}.Debug|Any CPU.Build.0 = Debug|Any CPU
		{0FE47287-530D-448A-8194-D3CA8A777C4B}.Release|Any CPU.ActiveCfg = Release|Any CPU
		{0FE47287-530D-448A-8194-D3CA8A777C4B}.Release|Any CPU.Build.0 = Release|Any CPU
		{68F44FBC-8D30-4F3B-B1F3-3159BA241AAB}.Debug|Any CPU.ActiveCfg = Debug|Any CPU
		{68F44FBC-8D30-4F3B-B1F3-3159BA241AAB}.Debug|Any CPU.Build.0 = Debug|Any CPU
		{68F44FBC-8D30-4F3B-B1F3-3159BA241AAB}.Release|Any CPU.ActiveCfg = Release|Any CPU
		{68F44FBC-8D30-4F3B-B1F3-3159BA241AAB}.Release|Any CPU.Build.0 = Release|Any CPU
		{6534001C-844A-4040-9050-4DD6E9CBDE68}.Debug|Any CPU.ActiveCfg = Debug|Any CPU
		{6534001C-844A-4040-9050-4DD6E9CBDE68}.Debug|Any CPU.Build.0 = Debug|Any CPU
		{6534001C-844A-4040-9050-4DD6E9CBDE68}.Release|Any CPU.ActiveCfg = Release|Any CPU
		{6534001C-844A-4040-9050-4DD6E9CBDE68}.Release|Any CPU.Build.0 = Release|Any CPU
		{386F1406-6DD0-4D90-8351-943D1656626D}.Debug|Any CPU.ActiveCfg = Debug|Any CPU
		{386F1406-6DD0-4D90-8351-943D1656626D}.Debug|Any CPU.Build.0 = Debug|Any CPU
		{386F1406-6DD0-4D90-8351-943D1656626D}.Release|Any CPU.ActiveCfg = Release|Any CPU
		{386F1406-6DD0-4D90-8351-943D1656626D}.Release|Any CPU.Build.0 = Release|Any CPU
		{2ABFF628-67A0-4E54-93E4-4DBD4A6F28A6}.Debug|Any CPU.ActiveCfg = Debug|Any CPU
		{2ABFF628-67A0-4E54-93E4-4DBD4A6F28A6}.Debug|Any CPU.Build.0 = Debug|Any CPU
		{2ABFF628-67A0-4E54-93E4-4DBD4A6F28A6}.Release|Any CPU.ActiveCfg = Release|Any CPU
		{2ABFF628-67A0-4E54-93E4-4DBD4A6F28A6}.Release|Any CPU.Build.0 = Release|Any CPU
		{6402504E-301C-4DCF-8E35-11B1FEB41435}.Debug|Any CPU.ActiveCfg = Debug|Any CPU
		{6402504E-301C-4DCF-8E35-11B1FEB41435}.Debug|Any CPU.Build.0 = Debug|Any CPU
		{6402504E-301C-4DCF-8E35-11B1FEB41435}.Release|Any CPU.ActiveCfg = Release|Any CPU
		{6402504E-301C-4DCF-8E35-11B1FEB41435}.Release|Any CPU.Build.0 = Release|Any CPU
		{5464F09B-8D32-49F7-B316-C589D506672E}.Debug|Any CPU.ActiveCfg = Debug|Any CPU
		{5464F09B-8D32-49F7-B316-C589D506672E}.Debug|Any CPU.Build.0 = Debug|Any CPU
		{5464F09B-8D32-49F7-B316-C589D506672E}.Release|Any CPU.ActiveCfg = Release|Any CPU
		{5464F09B-8D32-49F7-B316-C589D506672E}.Release|Any CPU.Build.0 = Release|Any CPU
		{CCAF8904-4246-4353-B83A-274F266EBD13}.Debug|Any CPU.ActiveCfg = Debug|Any CPU
		{CCAF8904-4246-4353-B83A-274F266EBD13}.Debug|Any CPU.Build.0 = Debug|Any CPU
		{CCAF8904-4246-4353-B83A-274F266EBD13}.Release|Any CPU.ActiveCfg = Release|Any CPU
		{CCAF8904-4246-4353-B83A-274F266EBD13}.Release|Any CPU.Build.0 = Release|Any CPU
		{9A17EDBD-C10F-4B0E-B0B0-8349E1E4EBB6}.Debug|Any CPU.ActiveCfg = Debug|Any CPU
		{9A17EDBD-C10F-4B0E-B0B0-8349E1E4EBB6}.Debug|Any CPU.Build.0 = Debug|Any CPU
		{9A17EDBD-C10F-4B0E-B0B0-8349E1E4EBB6}.Release|Any CPU.ActiveCfg = Release|Any CPU
		{9A17EDBD-C10F-4B0E-B0B0-8349E1E4EBB6}.Release|Any CPU.Build.0 = Release|Any CPU
		{CCDDC0E8-2692-480C-BDBE-C012E5A51310}.Debug|Any CPU.ActiveCfg = Debug|Any CPU
		{CCDDC0E8-2692-480C-BDBE-C012E5A51310}.Debug|Any CPU.Build.0 = Debug|Any CPU
		{CCDDC0E8-2692-480C-BDBE-C012E5A51310}.Release|Any CPU.ActiveCfg = Release|Any CPU
		{CCDDC0E8-2692-480C-BDBE-C012E5A51310}.Release|Any CPU.Build.0 = Release|Any CPU
		{DF52C548-1827-49FA-BE62-F80E9ABF7594}.Debug|Any CPU.ActiveCfg = Debug|Any CPU
		{DF52C548-1827-49FA-BE62-F80E9ABF7594}.Debug|Any CPU.Build.0 = Debug|Any CPU
		{DF52C548-1827-49FA-BE62-F80E9ABF7594}.Release|Any CPU.ActiveCfg = Release|Any CPU
		{DF52C548-1827-49FA-BE62-F80E9ABF7594}.Release|Any CPU.Build.0 = Release|Any CPU
		{BF6B242E-0645-44C3-BB98-A39F325DA82A}.Debug|Any CPU.ActiveCfg = Debug|Any CPU
		{BF6B242E-0645-44C3-BB98-A39F325DA82A}.Debug|Any CPU.Build.0 = Debug|Any CPU
		{BF6B242E-0645-44C3-BB98-A39F325DA82A}.Release|Any CPU.ActiveCfg = Release|Any CPU
		{BF6B242E-0645-44C3-BB98-A39F325DA82A}.Release|Any CPU.Build.0 = Release|Any CPU
		{9353BB7E-1287-4F06-95CD-AA3F7A178384}.Debug|Any CPU.ActiveCfg = Debug|Any CPU
		{9353BB7E-1287-4F06-95CD-AA3F7A178384}.Debug|Any CPU.Build.0 = Debug|Any CPU
		{9353BB7E-1287-4F06-95CD-AA3F7A178384}.Release|Any CPU.ActiveCfg = Release|Any CPU
		{9353BB7E-1287-4F06-95CD-AA3F7A178384}.Release|Any CPU.Build.0 = Release|Any CPU
		{11E06018-46E8-4712-8B12-FEC0CACDE11E}.Debug|Any CPU.ActiveCfg = Debug|Any CPU
		{11E06018-46E8-4712-8B12-FEC0CACDE11E}.Debug|Any CPU.Build.0 = Debug|Any CPU
		{11E06018-46E8-4712-8B12-FEC0CACDE11E}.Release|Any CPU.ActiveCfg = Release|Any CPU
		{11E06018-46E8-4712-8B12-FEC0CACDE11E}.Release|Any CPU.Build.0 = Release|Any CPU
		{C907B0DD-3B9F-45FF-990C-1A0229EE135A}.Debug|Any CPU.ActiveCfg = Debug|Any CPU
		{C907B0DD-3B9F-45FF-990C-1A0229EE135A}.Debug|Any CPU.Build.0 = Debug|Any CPU
		{C907B0DD-3B9F-45FF-990C-1A0229EE135A}.Release|Any CPU.ActiveCfg = Release|Any CPU
		{C907B0DD-3B9F-45FF-990C-1A0229EE135A}.Release|Any CPU.Build.0 = Release|Any CPU
	EndGlobalSection
	GlobalSection(SolutionProperties) = preSolution
		HideSolutionNode = FALSE
	EndGlobalSection
	GlobalSection(NestedProjects) = preSolution
		{7D45271A-D6CF-41F2-B73A-E0145F4A82A8} = {02EA681E-C7D8-13C7-8484-4AC65E1B71E8}
		{514F1596-2323-4F7B-819D-A9BC304F7FDF} = {02EA681E-C7D8-13C7-8484-4AC65E1B71E8}
		{665E2834-5DC8-456E-9405-6DD890149D20} = {02EA681E-C7D8-13C7-8484-4AC65E1B71E8}
		{80D3DA0D-DB3F-44CF-8634-14A29F952355} = {7CDA848A-B9B1-4A4E-9839-B33691A61E41}
		{BA7BC21D-240D-49FB-AD1D-0E53F6426363} = {7CDA848A-B9B1-4A4E-9839-B33691A61E41}
		{8DA039B7-C1CE-4C4C-8C2F-3FAE20C197BE} = {7CDA848A-B9B1-4A4E-9839-B33691A61E41}
		{88321ECC-DCB8-44E1-999F-40EDD53CD359} = {664DEB55-30D9-4F67-8493-8FAA5F9BF0CE}
		{E6ABA32E-E0C2-4006-9A7D-C13DC940F97B} = {664DEB55-30D9-4F67-8493-8FAA5F9BF0CE}
		{E7876B22-C0AF-4943-BE37-0BC1F0A214F6} = {664DEB55-30D9-4F67-8493-8FAA5F9BF0CE}
		{0FE47287-530D-448A-8194-D3CA8A777C4B} = {E21BB19C-71E7-465B-A29E-DC10AA043887}
		{68F44FBC-8D30-4F3B-B1F3-3159BA241AAB} = {E21BB19C-71E7-465B-A29E-DC10AA043887}
		{6534001C-844A-4040-9050-4DD6E9CBDE68} = {E21BB19C-71E7-465B-A29E-DC10AA043887}
		{386F1406-6DD0-4D90-8351-943D1656626D} = {DB2D375B-2DC8-460C-AF12-D164126BE34A}
		{2ABFF628-67A0-4E54-93E4-4DBD4A6F28A6} = {DB2D375B-2DC8-460C-AF12-D164126BE34A}
		{6402504E-301C-4DCF-8E35-11B1FEB41435} = {DB2D375B-2DC8-460C-AF12-D164126BE34A}
		{5464F09B-8D32-49F7-B316-C589D506672E} = {BAABCD57-7731-4646-A7DB-39EA816F297E}
		{CCAF8904-4246-4353-B83A-274F266EBD13} = {BAABCD57-7731-4646-A7DB-39EA816F297E}
		{9A17EDBD-C10F-4B0E-B0B0-8349E1E4EBB6} = {BAABCD57-7731-4646-A7DB-39EA816F297E}
		{CCDDC0E8-2692-480C-BDBE-C012E5A51310} = {7DA8B53C-7BF1-4776-8D70-A63CC415CF35}
		{DF52C548-1827-49FA-BE62-F80E9ABF7594} = {7DA8B53C-7BF1-4776-8D70-A63CC415CF35}
		{BF6B242E-0645-44C3-BB98-A39F325DA82A} = {7DA8B53C-7BF1-4776-8D70-A63CC415CF35}
		{9353BB7E-1287-4F06-95CD-AA3F7A178384} = {48F39F68-8643-440D-8411-17A6A7E15008}
		{11E06018-46E8-4712-8B12-FEC0CACDE11E} = {48F39F68-8643-440D-8411-17A6A7E15008}
		{C907B0DD-3B9F-45FF-990C-1A0229EE135A} = {48F39F68-8643-440D-8411-17A6A7E15008}
	EndGlobalSection
	GlobalSection(ExtensibilityGlobals) = postSolution
		SolutionGuid = {6B3ADEC1-B187-4084-8177-969581CBE63B}
	EndGlobalSection
EndGlobal
